// !$*UTF8*$!
{
	archiveVersion = 1;
	classes = {
	};
	objectVersion = 56;
	objects = {

/* Begin PBXBuildFile section */
		0C5979B52BAB215300E8156D /* RegisterMajorView.swift in Sources */ = {isa = PBXBuildFile; fileRef = 0C5979B42BAB215300E8156D /* RegisterMajorView.swift */; };
		0C5979B82BAB25EE00E8156D /* service.txt in Resources */ = {isa = PBXBuildFile; fileRef = 0C5979B72BAB25EE00E8156D /* service.txt */; };
		0C5979BC2BAB26A800E8156D /* TermsView.swift in Sources */ = {isa = PBXBuildFile; fileRef = 0C5979BB2BAB26A800E8156D /* TermsView.swift */; };
		0C6396E82BAB4BB8008E046F /* RegisterNickname.swift in Sources */ = {isa = PBXBuildFile; fileRef = 0C6396E72BAB4BB8008E046F /* RegisterNickname.swift */; };
		0C6AA4BB2BA4A33E0032AB24 /* NetworkManager.swift in Sources */ = {isa = PBXBuildFile; fileRef = 0C6AA4BA2BA4A33E0032AB24 /* NetworkManager.swift */; };
		0C6AA4BD2BA553D80032AB24 /* APIManager.swift in Sources */ = {isa = PBXBuildFile; fileRef = 0C6AA4BC2BA553D80032AB24 /* APIManager.swift */; };
		0C6AA4C72BA566CE0032AB24 /* Badge.swift in Sources */ = {isa = PBXBuildFile; fileRef = 0C6AA4C62BA566CE0032AB24 /* Badge.swift */; };
		0C6AA4CB2BA56B510032AB24 /* Major.swift in Sources */ = {isa = PBXBuildFile; fileRef = 0C6AA4CA2BA56B510032AB24 /* Major.swift */; };
		0C6AA4CD2BA56E230032AB24 /* UserNotification.swift in Sources */ = {isa = PBXBuildFile; fileRef = 0C6AA4CC2BA56E230032AB24 /* UserNotification.swift */; };
		0C6AA4CF2BA56FB30032AB24 /* ScoreType.swift in Sources */ = {isa = PBXBuildFile; fileRef = 0C6AA4CE2BA56FB30032AB24 /* ScoreType.swift */; };
		0C6AA4D12BA6DA340032AB24 /* TokenManager.swift in Sources */ = {isa = PBXBuildFile; fileRef = 0C6AA4D02BA6DA340032AB24 /* TokenManager.swift */; };
		0C6B77F62BABCC8F0033CEEF /* location.txt in Resources */ = {isa = PBXBuildFile; fileRef = 0C6B77F52BABCC8F0033CEEF /* location.txt */; };
		0C6B77F82BABCCCD0033CEEF /* privacy.txt in Resources */ = {isa = PBXBuildFile; fileRef = 0C6B77F72BABCCCD0033CEEF /* privacy.txt */; };
		0C7FE6992BB1259800D94162 /* NetworkErrorView.swift in Sources */ = {isa = PBXBuildFile; fileRef = 0C7FE6982BB1259800D94162 /* NetworkErrorView.swift */; };
		0C7FE69B2BB1290A00D94162 /* LoadingView.swift in Sources */ = {isa = PBXBuildFile; fileRef = 0C7FE69A2BB1290A00D94162 /* LoadingView.swift */; };
		0C7FE6A12BB1983A00D94162 /* AnimationImages.swift in Sources */ = {isa = PBXBuildFile; fileRef = 0C7FE6A02BB1983A00D94162 /* AnimationImages.swift */; };
		0CD06A292BAB459500845B24 /* RegisterTermsView.swift in Sources */ = {isa = PBXBuildFile; fileRef = 0CD06A282BAB459500845B24 /* RegisterTermsView.swift */; };
		C914E9E32BA57DEB00161AB7 /* AnimationCustomView.swift in Sources */ = {isa = PBXBuildFile; fileRef = C914E9E22BA57DEB00161AB7 /* AnimationCustomView.swift */; };
		C918F4052BA7149A00C0BFDA /* SoundManager.swift in Sources */ = {isa = PBXBuildFile; fileRef = C918F4042BA7149A00C0BFDA /* SoundManager.swift */; };
		C918F4072BA7177800C0BFDA /* HapticManager.swift in Sources */ = {isa = PBXBuildFile; fileRef = C918F4062BA7177800C0BFDA /* HapticManager.swift */; };
		C918F4092BA741F300C0BFDA /* LoginBottomSheetView.swift in Sources */ = {isa = PBXBuildFile; fileRef = C918F4082BA741F300C0BFDA /* LoginBottomSheetView.swift */; };
		C918F40B2BA7507800C0BFDA /* AuthenticationCodeView.swift in Sources */ = {isa = PBXBuildFile; fileRef = C918F40A2BA7507800C0BFDA /* AuthenticationCodeView.swift */; };
		C918F40D2BA753B400C0BFDA /* AuthenticationTimerView.swift in Sources */ = {isa = PBXBuildFile; fileRef = C918F40C2BA753B400C0BFDA /* AuthenticationTimerView.swift */; };
		C953D2F52BA47B0700318869 /* Pretendard-Regular.otf in Resources */ = {isa = PBXBuildFile; fileRef = C953D2F32BA47B0700318869 /* Pretendard-Regular.otf */; };
		C953D2F62BA47B0700318869 /* NeoDunggeunmoPro-Regular.ttf in Resources */ = {isa = PBXBuildFile; fileRef = C953D2F42BA47B0700318869 /* NeoDunggeunmoPro-Regular.ttf */; };
		C953D2F92BA47B4B00318869 /* Font.swift in Sources */ = {isa = PBXBuildFile; fileRef = C953D2F82BA47B4B00318869 /* Font.swift */; };
		C953D2FB2BA47F2C00318869 /* StringLiterals.swift in Sources */ = {isa = PBXBuildFile; fileRef = C953D2FA2BA47F2C00318869 /* StringLiterals.swift */; };
		C953D2FE2BA4807400318869 /* LoginView.swift in Sources */ = {isa = PBXBuildFile; fileRef = C953D2FD2BA4807400318869 /* LoginView.swift */; };
		C953D3042BA49BB300318869 /* MainView.swift in Sources */ = {isa = PBXBuildFile; fileRef = C953D3032BA49BB300318869 /* MainView.swift */; };
		C98078912BA8703000C04B2D /* buttonClicked.mp3 in Resources */ = {isa = PBXBuildFile; fileRef = C98078902BA8703000C04B2D /* buttonClicked.mp3 */; };
		C98078962BA870E400C04B2D /* timerButtonClicked.mp3 in Resources */ = {isa = PBXBuildFile; fileRef = C98078932BA870E400C04B2D /* timerButtonClicked.mp3 */; };
		C98078972BA870E400C04B2D /* timerCorrect.mp3 in Resources */ = {isa = PBXBuildFile; fileRef = C98078942BA870E400C04B2D /* timerCorrect.mp3 */; };
		C98078982BA870E400C04B2D /* timerIncorrect.mp3 in Resources */ = {isa = PBXBuildFile; fileRef = C98078952BA870E400C04B2D /* timerIncorrect.mp3 */; };
		C980789C2BA8712700C04B2D /* cupidBad.mp3 in Resources */ = {isa = PBXBuildFile; fileRef = C980789A2BA8712700C04B2D /* cupidBad.mp3 */; };
		C980789D2BA8712700C04B2D /* cupidGoodOrPerfect.mp3 in Resources */ = {isa = PBXBuildFile; fileRef = C980789B2BA8712700C04B2D /* cupidGoodOrPerfect.mp3 */; };
		C98078A12BA8715900C04B2D /* quizCorrect.mp3 in Resources */ = {isa = PBXBuildFile; fileRef = C980789F2BA8715900C04B2D /* quizCorrect.mp3 */; };
		C98078A22BA8715900C04B2D /* quizIncorrect.mp3 in Resources */ = {isa = PBXBuildFile; fileRef = C98078A02BA8715900C04B2D /* quizIncorrect.mp3 */; };
		C98078A82BA871A000C04B2D /* cardIncorrect.mp3 in Resources */ = {isa = PBXBuildFile; fileRef = C98078A42BA871A000C04B2D /* cardIncorrect.mp3 */; };
		C98078A92BA871A000C04B2D /* cardClicked.mp3 in Resources */ = {isa = PBXBuildFile; fileRef = C98078A52BA871A000C04B2D /* cardClicked.mp3 */; };
		C98078AA2BA871A000C04B2D /* cardCorrect.mp3 in Resources */ = {isa = PBXBuildFile; fileRef = C98078A62BA871A000C04B2D /* cardCorrect.mp3 */; };
		C98078AB2BA871A000C04B2D /* cardAllCorrect.mp3 in Resources */ = {isa = PBXBuildFile; fileRef = C98078A72BA871A000C04B2D /* cardAllCorrect.mp3 */; };
		C98078B02BA8720D00C04B2D /* classCorrect.mp3 in Resources */ = {isa = PBXBuildFile; fileRef = C98078AD2BA8720D00C04B2D /* classCorrect.mp3 */; };
		C98078B12BA8720D00C04B2D /* classMinusHeart.mp3 in Resources */ = {isa = PBXBuildFile; fileRef = C98078AE2BA8720D00C04B2D /* classMinusHeart.mp3 */; };
		C98078B22BA8720D00C04B2D /* classEnd.mp3 in Resources */ = {isa = PBXBuildFile; fileRef = C98078AF2BA8720D00C04B2D /* classEnd.mp3 */; };
		C98078B62BA8725400C04B2D /* microbeHit.mp3 in Resources */ = {isa = PBXBuildFile; fileRef = C98078B42BA8725400C04B2D /* microbeHit.mp3 */; };
		C98078B72BA8725400C04B2D /* microbeEnd.mp3 in Resources */ = {isa = PBXBuildFile; fileRef = C98078B52BA8725400C04B2D /* microbeEnd.mp3 */; };
		C98078BD2BA872A300C04B2D /* blackDuckkuClicked.mp3 in Resources */ = {isa = PBXBuildFile; fileRef = C98078BA2BA872A200C04B2D /* blackDuckkuClicked.mp3 */; };
		C98078BE2BA872A300C04B2D /* duckkuWindowOpenAndClose.mp3 in Resources */ = {isa = PBXBuildFile; fileRef = C98078BB2BA872A300C04B2D /* duckkuWindowOpenAndClose.mp3 */; };
		C98078BF2BA872A300C04B2D /* duckkuClicked.mp3 in Resources */ = {isa = PBXBuildFile; fileRef = C98078BC2BA872A300C04B2D /* duckkuClicked.mp3 */; };
		C98078C32BA872DF00C04B2D /* moonHundredClicked.mp3 in Resources */ = {isa = PBXBuildFile; fileRef = C98078C12BA872DF00C04B2D /* moonHundredClicked.mp3 */; };
		C98078C42BA872DF00C04B2D /* moonClicked.mp3 in Resources */ = {isa = PBXBuildFile; fileRef = C98078C22BA872DF00C04B2D /* moonClicked.mp3 */; };
		C98078C62BA8816B00C04B2D /* backgroundMusic.mp3 in Resources */ = {isa = PBXBuildFile; fileRef = C98078C52BA8816A00C04B2D /* backgroundMusic.mp3 */; };
		C9F694E82BA3251A009A8762 /* playkuround_iOSApp.swift in Sources */ = {isa = PBXBuildFile; fileRef = C9F694E72BA3251A009A8762 /* playkuround_iOSApp.swift */; };
		C9F694EA2BA3251A009A8762 /* ContentView.swift in Sources */ = {isa = PBXBuildFile; fileRef = C9F694E92BA3251A009A8762 /* ContentView.swift */; };
		C9F694EC2BA3251B009A8762 /* Assets.xcassets in Resources */ = {isa = PBXBuildFile; fileRef = C9F694EB2BA3251B009A8762 /* Assets.xcassets */; };
		C9F694EF2BA3251B009A8762 /* Preview Assets.xcassets in Resources */ = {isa = PBXBuildFile; fileRef = C9F694EE2BA3251B009A8762 /* Preview Assets.xcassets */; };
/* End PBXBuildFile section */

/* Begin PBXFileReference section */
		0C5979B42BAB215300E8156D /* RegisterMajorView.swift */ = {isa = PBXFileReference; lastKnownFileType = sourcecode.swift; path = RegisterMajorView.swift; sourceTree = "<group>"; };
		0C5979B72BAB25EE00E8156D /* service.txt */ = {isa = PBXFileReference; lastKnownFileType = text; path = service.txt; sourceTree = "<group>"; };
		0C5979BB2BAB26A800E8156D /* TermsView.swift */ = {isa = PBXFileReference; lastKnownFileType = sourcecode.swift; path = TermsView.swift; sourceTree = "<group>"; };
		0C6396E72BAB4BB8008E046F /* RegisterNickname.swift */ = {isa = PBXFileReference; lastKnownFileType = sourcecode.swift; path = RegisterNickname.swift; sourceTree = "<group>"; };
		0C6AA4BA2BA4A33E0032AB24 /* NetworkManager.swift */ = {isa = PBXFileReference; lastKnownFileType = sourcecode.swift; path = NetworkManager.swift; sourceTree = "<group>"; };
		0C6AA4BC2BA553D80032AB24 /* APIManager.swift */ = {isa = PBXFileReference; lastKnownFileType = sourcecode.swift; path = APIManager.swift; sourceTree = "<group>"; };
		0C6AA4C62BA566CE0032AB24 /* Badge.swift */ = {isa = PBXFileReference; lastKnownFileType = sourcecode.swift; path = Badge.swift; sourceTree = "<group>"; };
		0C6AA4CA2BA56B510032AB24 /* Major.swift */ = {isa = PBXFileReference; lastKnownFileType = sourcecode.swift; path = Major.swift; sourceTree = "<group>"; };
		0C6AA4CC2BA56E230032AB24 /* UserNotification.swift */ = {isa = PBXFileReference; lastKnownFileType = sourcecode.swift; path = UserNotification.swift; sourceTree = "<group>"; };
		0C6AA4CE2BA56FB30032AB24 /* ScoreType.swift */ = {isa = PBXFileReference; lastKnownFileType = sourcecode.swift; path = ScoreType.swift; sourceTree = "<group>"; };
		0C6AA4D02BA6DA340032AB24 /* TokenManager.swift */ = {isa = PBXFileReference; lastKnownFileType = sourcecode.swift; path = TokenManager.swift; sourceTree = "<group>"; };
		0C6B77F52BABCC8F0033CEEF /* location.txt */ = {isa = PBXFileReference; lastKnownFileType = text; path = location.txt; sourceTree = "<group>"; };
		0C6B77F72BABCCCD0033CEEF /* privacy.txt */ = {isa = PBXFileReference; lastKnownFileType = text; path = privacy.txt; sourceTree = "<group>"; };
		0C7FE6982BB1259800D94162 /* NetworkErrorView.swift */ = {isa = PBXFileReference; lastKnownFileType = sourcecode.swift; path = NetworkErrorView.swift; sourceTree = "<group>"; };
		0C7FE69A2BB1290A00D94162 /* LoadingView.swift */ = {isa = PBXFileReference; lastKnownFileType = sourcecode.swift; path = LoadingView.swift; sourceTree = "<group>"; };
		0C7FE6A02BB1983A00D94162 /* AnimationImages.swift */ = {isa = PBXFileReference; lastKnownFileType = sourcecode.swift; path = AnimationImages.swift; sourceTree = "<group>"; };
		0CD06A282BAB459500845B24 /* RegisterTermsView.swift */ = {isa = PBXFileReference; lastKnownFileType = sourcecode.swift; path = RegisterTermsView.swift; sourceTree = "<group>"; };
		C914E9E22BA57DEB00161AB7 /* AnimationCustomView.swift */ = {isa = PBXFileReference; lastKnownFileType = sourcecode.swift; path = AnimationCustomView.swift; sourceTree = "<group>"; };
		C918F4042BA7149A00C0BFDA /* SoundManager.swift */ = {isa = PBXFileReference; lastKnownFileType = sourcecode.swift; path = SoundManager.swift; sourceTree = "<group>"; };
		C918F4062BA7177800C0BFDA /* HapticManager.swift */ = {isa = PBXFileReference; lastKnownFileType = sourcecode.swift; path = HapticManager.swift; sourceTree = "<group>"; };
		C918F4082BA741F300C0BFDA /* LoginBottomSheetView.swift */ = {isa = PBXFileReference; lastKnownFileType = sourcecode.swift; path = LoginBottomSheetView.swift; sourceTree = "<group>"; };
		C918F40A2BA7507800C0BFDA /* AuthenticationCodeView.swift */ = {isa = PBXFileReference; lastKnownFileType = sourcecode.swift; path = AuthenticationCodeView.swift; sourceTree = "<group>"; };
		C918F40C2BA753B400C0BFDA /* AuthenticationTimerView.swift */ = {isa = PBXFileReference; lastKnownFileType = sourcecode.swift; path = AuthenticationTimerView.swift; sourceTree = "<group>"; };
		C953D2F32BA47B0700318869 /* Pretendard-Regular.otf */ = {isa = PBXFileReference; lastKnownFileType = file; path = "Pretendard-Regular.otf"; sourceTree = "<group>"; };
		C953D2F42BA47B0700318869 /* NeoDunggeunmoPro-Regular.ttf */ = {isa = PBXFileReference; lastKnownFileType = file; path = "NeoDunggeunmoPro-Regular.ttf"; sourceTree = "<group>"; };
		C953D2F72BA47B1C00318869 /* Info.plist */ = {isa = PBXFileReference; lastKnownFileType = text.plist; path = Info.plist; sourceTree = "<group>"; };
		C953D2F82BA47B4B00318869 /* Font.swift */ = {isa = PBXFileReference; lastKnownFileType = sourcecode.swift; path = Font.swift; sourceTree = "<group>"; };
		C953D2FA2BA47F2C00318869 /* StringLiterals.swift */ = {isa = PBXFileReference; lastKnownFileType = sourcecode.swift; path = StringLiterals.swift; sourceTree = "<group>"; };
		C953D2FD2BA4807400318869 /* LoginView.swift */ = {isa = PBXFileReference; lastKnownFileType = sourcecode.swift; path = LoginView.swift; sourceTree = "<group>"; };
		C953D3032BA49BB300318869 /* MainView.swift */ = {isa = PBXFileReference; lastKnownFileType = sourcecode.swift; path = MainView.swift; sourceTree = "<group>"; };
		C98078902BA8703000C04B2D /* buttonClicked.mp3 */ = {isa = PBXFileReference; lastKnownFileType = audio.mp3; path = buttonClicked.mp3; sourceTree = "<group>"; };
		C98078932BA870E400C04B2D /* timerButtonClicked.mp3 */ = {isa = PBXFileReference; lastKnownFileType = audio.mp3; path = timerButtonClicked.mp3; sourceTree = "<group>"; };
		C98078942BA870E400C04B2D /* timerCorrect.mp3 */ = {isa = PBXFileReference; lastKnownFileType = audio.mp3; path = timerCorrect.mp3; sourceTree = "<group>"; };
		C98078952BA870E400C04B2D /* timerIncorrect.mp3 */ = {isa = PBXFileReference; lastKnownFileType = audio.mp3; path = timerIncorrect.mp3; sourceTree = "<group>"; };
		C980789A2BA8712700C04B2D /* cupidBad.mp3 */ = {isa = PBXFileReference; lastKnownFileType = audio.mp3; path = cupidBad.mp3; sourceTree = "<group>"; };
		C980789B2BA8712700C04B2D /* cupidGoodOrPerfect.mp3 */ = {isa = PBXFileReference; lastKnownFileType = audio.mp3; path = cupidGoodOrPerfect.mp3; sourceTree = "<group>"; };
		C980789F2BA8715900C04B2D /* quizCorrect.mp3 */ = {isa = PBXFileReference; lastKnownFileType = audio.mp3; path = quizCorrect.mp3; sourceTree = "<group>"; };
		C98078A02BA8715900C04B2D /* quizIncorrect.mp3 */ = {isa = PBXFileReference; lastKnownFileType = audio.mp3; path = quizIncorrect.mp3; sourceTree = "<group>"; };
		C98078A42BA871A000C04B2D /* cardIncorrect.mp3 */ = {isa = PBXFileReference; lastKnownFileType = audio.mp3; path = cardIncorrect.mp3; sourceTree = "<group>"; };
		C98078A52BA871A000C04B2D /* cardClicked.mp3 */ = {isa = PBXFileReference; lastKnownFileType = audio.mp3; path = cardClicked.mp3; sourceTree = "<group>"; };
		C98078A62BA871A000C04B2D /* cardCorrect.mp3 */ = {isa = PBXFileReference; lastKnownFileType = audio.mp3; path = cardCorrect.mp3; sourceTree = "<group>"; };
		C98078A72BA871A000C04B2D /* cardAllCorrect.mp3 */ = {isa = PBXFileReference; lastKnownFileType = audio.mp3; path = cardAllCorrect.mp3; sourceTree = "<group>"; };
		C98078AD2BA8720D00C04B2D /* classCorrect.mp3 */ = {isa = PBXFileReference; lastKnownFileType = audio.mp3; path = classCorrect.mp3; sourceTree = "<group>"; };
		C98078AE2BA8720D00C04B2D /* classMinusHeart.mp3 */ = {isa = PBXFileReference; lastKnownFileType = audio.mp3; path = classMinusHeart.mp3; sourceTree = "<group>"; };
		C98078AF2BA8720D00C04B2D /* classEnd.mp3 */ = {isa = PBXFileReference; lastKnownFileType = audio.mp3; path = classEnd.mp3; sourceTree = "<group>"; };
		C98078B42BA8725400C04B2D /* microbeHit.mp3 */ = {isa = PBXFileReference; lastKnownFileType = audio.mp3; path = microbeHit.mp3; sourceTree = "<group>"; };
		C98078B52BA8725400C04B2D /* microbeEnd.mp3 */ = {isa = PBXFileReference; lastKnownFileType = audio.mp3; path = microbeEnd.mp3; sourceTree = "<group>"; };
		C98078BA2BA872A200C04B2D /* blackDuckkuClicked.mp3 */ = {isa = PBXFileReference; lastKnownFileType = audio.mp3; path = blackDuckkuClicked.mp3; sourceTree = "<group>"; };
		C98078BB2BA872A300C04B2D /* duckkuWindowOpenAndClose.mp3 */ = {isa = PBXFileReference; lastKnownFileType = audio.mp3; path = duckkuWindowOpenAndClose.mp3; sourceTree = "<group>"; };
		C98078BC2BA872A300C04B2D /* duckkuClicked.mp3 */ = {isa = PBXFileReference; lastKnownFileType = audio.mp3; path = duckkuClicked.mp3; sourceTree = "<group>"; };
		C98078C12BA872DF00C04B2D /* moonHundredClicked.mp3 */ = {isa = PBXFileReference; lastKnownFileType = audio.mp3; path = moonHundredClicked.mp3; sourceTree = "<group>"; };
		C98078C22BA872DF00C04B2D /* moonClicked.mp3 */ = {isa = PBXFileReference; lastKnownFileType = audio.mp3; path = moonClicked.mp3; sourceTree = "<group>"; };
		C98078C52BA8816A00C04B2D /* backgroundMusic.mp3 */ = {isa = PBXFileReference; lastKnownFileType = audio.mp3; path = backgroundMusic.mp3; sourceTree = "<group>"; };
		C9F694E42BA3251A009A8762 /* playkuround-iOS.app */ = {isa = PBXFileReference; explicitFileType = wrapper.application; includeInIndex = 0; path = "playkuround-iOS.app"; sourceTree = BUILT_PRODUCTS_DIR; };
		C9F694E72BA3251A009A8762 /* playkuround_iOSApp.swift */ = {isa = PBXFileReference; lastKnownFileType = sourcecode.swift; path = playkuround_iOSApp.swift; sourceTree = "<group>"; };
		C9F694E92BA3251A009A8762 /* ContentView.swift */ = {isa = PBXFileReference; lastKnownFileType = sourcecode.swift; path = ContentView.swift; sourceTree = "<group>"; };
		C9F694EB2BA3251B009A8762 /* Assets.xcassets */ = {isa = PBXFileReference; lastKnownFileType = folder.assetcatalog; path = Assets.xcassets; sourceTree = "<group>"; };
		C9F694EE2BA3251B009A8762 /* Preview Assets.xcassets */ = {isa = PBXFileReference; lastKnownFileType = folder.assetcatalog; path = "Preview Assets.xcassets"; sourceTree = "<group>"; };
/* End PBXFileReference section */

/* Begin PBXFrameworksBuildPhase section */
		C9F694E12BA3251A009A8762 /* Frameworks */ = {
			isa = PBXFrameworksBuildPhase;
			buildActionMask = 2147483647;
			files = (
			);
			runOnlyForDeploymentPostprocessing = 0;
		};
/* End PBXFrameworksBuildPhase section */

/* Begin PBXGroup section */
		0C5979B32BAB213C00E8156D /* Register */ = {
			isa = PBXGroup;
			children = (
				0C5979B42BAB215300E8156D /* RegisterMajorView.swift */,
				0C5979BB2BAB26A800E8156D /* TermsView.swift */,
				0CD06A282BAB459500845B24 /* RegisterTermsView.swift */,
				0C6396E72BAB4BB8008E046F /* RegisterNickname.swift */,
			);
			path = Register;
			sourceTree = "<group>";
		};
		0C5979B62BAB25CB00E8156D /* Texts */ = {
			isa = PBXGroup;
			children = (
				0C5979B72BAB25EE00E8156D /* service.txt */,
				0C6B77F52BABCC8F0033CEEF /* location.txt */,
				0C6B77F72BABCCCD0033CEEF /* privacy.txt */,
			);
			path = Texts;
			sourceTree = "<group>";
		};
		0C6AA4B92BA4A32A0032AB24 /* Extensions */ = {
			isa = PBXGroup;
			children = (
				C918F4032BA7148800C0BFDA /* Managers */,
			);
			path = Extensions;
			sourceTree = "<group>";
		};
		0C6AA4C52BA566C40032AB24 /* Models */ = {
			isa = PBXGroup;
			children = (
				0C6AA4C62BA566CE0032AB24 /* Badge.swift */,
				0C6AA4CA2BA56B510032AB24 /* Major.swift */,
				0C6AA4CC2BA56E230032AB24 /* UserNotification.swift */,
				0C6AA4CE2BA56FB30032AB24 /* ScoreType.swift */,
			);
			path = Models;
			sourceTree = "<group>";
		};
		0C7FE6952BB1256300D94162 /* Root */ = {
			isa = PBXGroup;
			children = (
				0C7FE6982BB1259800D94162 /* NetworkErrorView.swift */,
				0C7FE69A2BB1290A00D94162 /* LoadingView.swift */,
			);
			path = Root;
			sourceTree = "<group>";
		};
		0C7FE69F2BB197DE00D94162 /* Images */ = {
			isa = PBXGroup;
			children = (
				0C7FE6A02BB1983A00D94162 /* AnimationImages.swift */,
			);
			path = Images;
			sourceTree = "<group>";
		};
		C918F4032BA7148800C0BFDA /* Managers */ = {
			isa = PBXGroup;
			children = (
				0C6AA4BA2BA4A33E0032AB24 /* NetworkManager.swift */,
				0C6AA4BC2BA553D80032AB24 /* APIManager.swift */,
				0C6AA4D02BA6DA340032AB24 /* TokenManager.swift */,
				C918F4042BA7149A00C0BFDA /* SoundManager.swift */,
				C918F4062BA7177800C0BFDA /* HapticManager.swift */,
			);
			path = Managers;
			sourceTree = "<group>";
		};
		C953D2F12BA477F700318869 /* Resources */ = {
			isa = PBXGroup;
			children = (
				0C7FE69F2BB197DE00D94162 /* Images */,
				0C5979B62BAB25CB00E8156D /* Texts */,
				C983DF282BA86F31003523E9 /* Sounds */,
				C953D2F22BA4780200318869 /* Fonts */,
				C953D2F82BA47B4B00318869 /* Font.swift */,
				C953D2FA2BA47F2C00318869 /* StringLiterals.swift */,
				C914E9E22BA57DEB00161AB7 /* AnimationCustomView.swift */,
			);
			path = Resources;
			sourceTree = "<group>";
		};
		C953D2F22BA4780200318869 /* Fonts */ = {
			isa = PBXGroup;
			children = (
				C953D2F42BA47B0700318869 /* NeoDunggeunmoPro-Regular.ttf */,
				C953D2F32BA47B0700318869 /* Pretendard-Regular.otf */,
			);
			path = Fonts;
			sourceTree = "<group>";
		};
		C953D2FC2BA4806900318869 /* Views */ = {
			isa = PBXGroup;
			children = (
				0C7FE6952BB1256300D94162 /* Root */,
				C953D3022BA49BAB00318869 /* Main */,
				C953D2FF2BA4809800318869 /* Login */,
				0C5979B32BAB213C00E8156D /* Register */,
				C9F694E92BA3251A009A8762 /* ContentView.swift */,
			);
			path = Views;
			sourceTree = "<group>";
		};
		C953D2FF2BA4809800318869 /* Login */ = {
			isa = PBXGroup;
			children = (
				C953D2FD2BA4807400318869 /* LoginView.swift */,
				C918F4082BA741F300C0BFDA /* LoginBottomSheetView.swift */,
				C918F40A2BA7507800C0BFDA /* AuthenticationCodeView.swift */,
				C918F40C2BA753B400C0BFDA /* AuthenticationTimerView.swift */,
			);
			path = Login;
			sourceTree = "<group>";
		};
		C953D3022BA49BAB00318869 /* Main */ = {
			isa = PBXGroup;
			children = (
				C953D3032BA49BB300318869 /* MainView.swift */,
			);
			path = Main;
			sourceTree = "<group>";
		};
		C98078922BA8705600C04B2D /* Timer */ = {
			isa = PBXGroup;
			children = (
				C98078932BA870E400C04B2D /* timerButtonClicked.mp3 */,
				C98078942BA870E400C04B2D /* timerCorrect.mp3 */,
				C98078952BA870E400C04B2D /* timerIncorrect.mp3 */,
			);
			path = Timer;
			sourceTree = "<group>";
		};
		C98078992BA870FD00C04B2D /* Cupid */ = {
			isa = PBXGroup;
			children = (
				C980789A2BA8712700C04B2D /* cupidBad.mp3 */,
				C980789B2BA8712700C04B2D /* cupidGoodOrPerfect.mp3 */,
			);
			path = Cupid;
			sourceTree = "<group>";
		};
		C980789E2BA8713200C04B2D /* Quiz */ = {
			isa = PBXGroup;
			children = (
				C980789F2BA8715900C04B2D /* quizCorrect.mp3 */,
				C98078A02BA8715900C04B2D /* quizIncorrect.mp3 */,
			);
			path = Quiz;
			sourceTree = "<group>";
		};
		C98078A32BA8715F00C04B2D /* Card */ = {
			isa = PBXGroup;
			children = (
				C98078A72BA871A000C04B2D /* cardAllCorrect.mp3 */,
				C98078A52BA871A000C04B2D /* cardClicked.mp3 */,
				C98078A62BA871A000C04B2D /* cardCorrect.mp3 */,
				C98078A42BA871A000C04B2D /* cardIncorrect.mp3 */,
			);
			path = Card;
			sourceTree = "<group>";
		};
		C98078AC2BA871BC00C04B2D /* ClassRegistration */ = {
			isa = PBXGroup;
			children = (
				C98078AD2BA8720D00C04B2D /* classCorrect.mp3 */,
				C98078AF2BA8720D00C04B2D /* classEnd.mp3 */,
				C98078AE2BA8720D00C04B2D /* classMinusHeart.mp3 */,
			);
			path = ClassRegistration;
			sourceTree = "<group>";
		};
		C98078B32BA8722400C04B2D /* Microbe */ = {
			isa = PBXGroup;
			children = (
				C98078B52BA8725400C04B2D /* microbeEnd.mp3 */,
				C98078B42BA8725400C04B2D /* microbeHit.mp3 */,
			);
			path = Microbe;
			sourceTree = "<group>";
		};
		C98078B92BA8726A00C04B2D /* Duckku */ = {
			isa = PBXGroup;
			children = (
				C98078BA2BA872A200C04B2D /* blackDuckkuClicked.mp3 */,
				C98078BC2BA872A300C04B2D /* duckkuClicked.mp3 */,
				C98078BB2BA872A300C04B2D /* duckkuWindowOpenAndClose.mp3 */,
			);
			path = Duckku;
			sourceTree = "<group>";
		};
		C98078C02BA872BF00C04B2D /* Moon */ = {
			isa = PBXGroup;
			children = (
				C98078C22BA872DF00C04B2D /* moonClicked.mp3 */,
				C98078C12BA872DF00C04B2D /* moonHundredClicked.mp3 */,
			);
			path = Moon;
			sourceTree = "<group>";
		};
		C983DF282BA86F31003523E9 /* Sounds */ = {
			isa = PBXGroup;
			children = (
				C98078C52BA8816A00C04B2D /* backgroundMusic.mp3 */,
				C98078C02BA872BF00C04B2D /* Moon */,
				C98078B92BA8726A00C04B2D /* Duckku */,
				C98078B32BA8722400C04B2D /* Microbe */,
				C98078AC2BA871BC00C04B2D /* ClassRegistration */,
				C98078A32BA8715F00C04B2D /* Card */,
				C980789E2BA8713200C04B2D /* Quiz */,
				C98078992BA870FD00C04B2D /* Cupid */,
				C98078922BA8705600C04B2D /* Timer */,
				C98078902BA8703000C04B2D /* buttonClicked.mp3 */,
			);
			path = Sounds;
			sourceTree = "<group>";
		};
		C9F694DB2BA3251A009A8762 = {
			isa = PBXGroup;
			children = (
				C9F694E62BA3251A009A8762 /* playkuround-iOS */,
				C9F694E52BA3251A009A8762 /* Products */,
			);
			sourceTree = "<group>";
		};
		C9F694E52BA3251A009A8762 /* Products */ = {
			isa = PBXGroup;
			children = (
				C9F694E42BA3251A009A8762 /* playkuround-iOS.app */,
			);
			name = Products;
			sourceTree = "<group>";
		};
		C9F694E62BA3251A009A8762 /* playkuround-iOS */ = {
			isa = PBXGroup;
			children = (
				0C6AA4B92BA4A32A0032AB24 /* Extensions */,
				0C6AA4C52BA566C40032AB24 /* Models */,
				C953D2FC2BA4806900318869 /* Views */,
				C953D2F72BA47B1C00318869 /* Info.plist */,
				C953D2F12BA477F700318869 /* Resources */,
				C9F694E72BA3251A009A8762 /* playkuround_iOSApp.swift */,
				C9F694EB2BA3251B009A8762 /* Assets.xcassets */,
				C9F694ED2BA3251B009A8762 /* Preview Content */,
			);
			path = "playkuround-iOS";
			sourceTree = "<group>";
		};
		C9F694ED2BA3251B009A8762 /* Preview Content */ = {
			isa = PBXGroup;
			children = (
				C9F694EE2BA3251B009A8762 /* Preview Assets.xcassets */,
			);
			path = "Preview Content";
			sourceTree = "<group>";
		};
/* End PBXGroup section */

/* Begin PBXNativeTarget section */
		C9F694E32BA3251A009A8762 /* playkuround-iOS */ = {
			isa = PBXNativeTarget;
			buildConfigurationList = C9F694F22BA3251B009A8762 /* Build configuration list for PBXNativeTarget "playkuround-iOS" */;
			buildPhases = (
				C9F694E02BA3251A009A8762 /* Sources */,
				C9F694E12BA3251A009A8762 /* Frameworks */,
				C9F694E22BA3251A009A8762 /* Resources */,
			);
			buildRules = (
			);
			dependencies = (
			);
			name = "playkuround-iOS";
			productName = "playkuround-iOS";
			productReference = C9F694E42BA3251A009A8762 /* playkuround-iOS.app */;
			productType = "com.apple.product-type.application";
		};
/* End PBXNativeTarget section */

/* Begin PBXProject section */
		C9F694DC2BA3251A009A8762 /* Project object */ = {
			isa = PBXProject;
			attributes = {
				BuildIndependentTargetsInParallel = 1;
				LastSwiftUpdateCheck = 1530;
				LastUpgradeCheck = 1530;
				TargetAttributes = {
					C9F694E32BA3251A009A8762 = {
						CreatedOnToolsVersion = 15.3;
					};
				};
			};
			buildConfigurationList = C9F694DF2BA3251A009A8762 /* Build configuration list for PBXProject "playkuround-iOS" */;
			compatibilityVersion = "Xcode 14.0";
			developmentRegion = en;
			hasScannedForEncodings = 0;
			knownRegions = (
				en,
				Base,
			);
			mainGroup = C9F694DB2BA3251A009A8762;
			productRefGroup = C9F694E52BA3251A009A8762 /* Products */;
			projectDirPath = "";
			projectRoot = "";
			targets = (
				C9F694E32BA3251A009A8762 /* playkuround-iOS */,
			);
		};
/* End PBXProject section */

/* Begin PBXResourcesBuildPhase section */
		C9F694E22BA3251A009A8762 /* Resources */ = {
			isa = PBXResourcesBuildPhase;
			buildActionMask = 2147483647;
			files = (
				C98078BD2BA872A300C04B2D /* blackDuckkuClicked.mp3 in Resources */,
				C98078A12BA8715900C04B2D /* quizCorrect.mp3 in Resources */,
				0C5979B82BAB25EE00E8156D /* service.txt in Resources */,
				C98078A92BA871A000C04B2D /* cardClicked.mp3 in Resources */,
				C980789C2BA8712700C04B2D /* cupidBad.mp3 in Resources */,
				C98078B22BA8720D00C04B2D /* classEnd.mp3 in Resources */,
				C98078A82BA871A000C04B2D /* cardIncorrect.mp3 in Resources */,
				C98078B12BA8720D00C04B2D /* classMinusHeart.mp3 in Resources */,
				C98078AB2BA871A000C04B2D /* cardAllCorrect.mp3 in Resources */,
				C98078912BA8703000C04B2D /* buttonClicked.mp3 in Resources */,
				C98078972BA870E400C04B2D /* timerCorrect.mp3 in Resources */,
				C9F694EF2BA3251B009A8762 /* Preview Assets.xcassets in Resources */,
				C98078BE2BA872A300C04B2D /* duckkuWindowOpenAndClose.mp3 in Resources */,
				C98078982BA870E400C04B2D /* timerIncorrect.mp3 in Resources */,
				C98078BF2BA872A300C04B2D /* duckkuClicked.mp3 in Resources */,
				0C6B77F62BABCC8F0033CEEF /* location.txt in Resources */,
				C98078AA2BA871A000C04B2D /* cardCorrect.mp3 in Resources */,
				C98078C42BA872DF00C04B2D /* moonClicked.mp3 in Resources */,
				C98078962BA870E400C04B2D /* timerButtonClicked.mp3 in Resources */,
				0C6B77F82BABCCCD0033CEEF /* privacy.txt in Resources */,
				C98078B02BA8720D00C04B2D /* classCorrect.mp3 in Resources */,
				C98078C32BA872DF00C04B2D /* moonHundredClicked.mp3 in Resources */,
				C98078B62BA8725400C04B2D /* microbeHit.mp3 in Resources */,
				C98078C62BA8816B00C04B2D /* backgroundMusic.mp3 in Resources */,
				C98078B72BA8725400C04B2D /* microbeEnd.mp3 in Resources */,
				C953D2F52BA47B0700318869 /* Pretendard-Regular.otf in Resources */,
				C98078A22BA8715900C04B2D /* quizIncorrect.mp3 in Resources */,
				C980789D2BA8712700C04B2D /* cupidGoodOrPerfect.mp3 in Resources */,
				C9F694EC2BA3251B009A8762 /* Assets.xcassets in Resources */,
				C953D2F62BA47B0700318869 /* NeoDunggeunmoPro-Regular.ttf in Resources */,
			);
			runOnlyForDeploymentPostprocessing = 0;
		};
/* End PBXResourcesBuildPhase section */

/* Begin PBXSourcesBuildPhase section */
		C9F694E02BA3251A009A8762 /* Sources */ = {
			isa = PBXSourcesBuildPhase;
			buildActionMask = 2147483647;
			files = (
				0C6AA4BB2BA4A33E0032AB24 /* NetworkManager.swift in Sources */,
				C918F4072BA7177800C0BFDA /* HapticManager.swift in Sources */,
				0C6AA4C72BA566CE0032AB24 /* Badge.swift in Sources */,
				C9F694EA2BA3251A009A8762 /* ContentView.swift in Sources */,
				0C6AA4CD2BA56E230032AB24 /* UserNotification.swift in Sources */,
				C918F40D2BA753B400C0BFDA /* AuthenticationTimerView.swift in Sources */,
				0C7FE6A12BB1983A00D94162 /* AnimationImages.swift in Sources */,
				C953D3042BA49BB300318869 /* MainView.swift in Sources */,
				C918F4052BA7149A00C0BFDA /* SoundManager.swift in Sources */,
				C918F40B2BA7507800C0BFDA /* AuthenticationCodeView.swift in Sources */,
				C9F694E82BA3251A009A8762 /* playkuround_iOSApp.swift in Sources */,
				0C5979B52BAB215300E8156D /* RegisterMajorView.swift in Sources */,
				0C7FE69B2BB1290A00D94162 /* LoadingView.swift in Sources */,
				C953D2FB2BA47F2C00318869 /* StringLiterals.swift in Sources */,
				0C5979BC2BAB26A800E8156D /* TermsView.swift in Sources */,
				0C6AA4CF2BA56FB30032AB24 /* ScoreType.swift in Sources */,
				C953D2FE2BA4807400318869 /* LoginView.swift in Sources */,
				C953D2F92BA47B4B00318869 /* Font.swift in Sources */,
				0C6AA4BD2BA553D80032AB24 /* APIManager.swift in Sources */,
				0C6AA4CB2BA56B510032AB24 /* Major.swift in Sources */,
				0C6396E82BAB4BB8008E046F /* RegisterNickname.swift in Sources */,
				0CD06A292BAB459500845B24 /* RegisterTermsView.swift in Sources */,
				0C7FE6992BB1259800D94162 /* NetworkErrorView.swift in Sources */,
				C914E9E32BA57DEB00161AB7 /* AnimationCustomView.swift in Sources */,
				0C6AA4D12BA6DA340032AB24 /* TokenManager.swift in Sources */,
				C918F4092BA741F300C0BFDA /* LoginBottomSheetView.swift in Sources */,
			);
			runOnlyForDeploymentPostprocessing = 0;
		};
/* End PBXSourcesBuildPhase section */

/* Begin XCBuildConfiguration section */
		C9F694F02BA3251B009A8762 /* Debug */ = {
			isa = XCBuildConfiguration;
			buildSettings = {
				ALWAYS_SEARCH_USER_PATHS = NO;
				ASSETCATALOG_COMPILER_GENERATE_SWIFT_ASSET_SYMBOL_EXTENSIONS = YES;
				CLANG_ANALYZER_NONNULL = YES;
				CLANG_ANALYZER_NUMBER_OBJECT_CONVERSION = YES_AGGRESSIVE;
				CLANG_CXX_LANGUAGE_STANDARD = "gnu++20";
				CLANG_ENABLE_MODULES = YES;
				CLANG_ENABLE_OBJC_ARC = YES;
				CLANG_ENABLE_OBJC_WEAK = YES;
				CLANG_WARN_BLOCK_CAPTURE_AUTORELEASING = YES;
				CLANG_WARN_BOOL_CONVERSION = YES;
				CLANG_WARN_COMMA = YES;
				CLANG_WARN_CONSTANT_CONVERSION = YES;
				CLANG_WARN_DEPRECATED_OBJC_IMPLEMENTATIONS = YES;
				CLANG_WARN_DIRECT_OBJC_ISA_USAGE = YES_ERROR;
				CLANG_WARN_DOCUMENTATION_COMMENTS = YES;
				CLANG_WARN_EMPTY_BODY = YES;
				CLANG_WARN_ENUM_CONVERSION = YES;
				CLANG_WARN_INFINITE_RECURSION = YES;
				CLANG_WARN_INT_CONVERSION = YES;
				CLANG_WARN_NON_LITERAL_NULL_CONVERSION = YES;
				CLANG_WARN_OBJC_IMPLICIT_RETAIN_SELF = YES;
				CLANG_WARN_OBJC_LITERAL_CONVERSION = YES;
				CLANG_WARN_OBJC_ROOT_CLASS = YES_ERROR;
				CLANG_WARN_QUOTED_INCLUDE_IN_FRAMEWORK_HEADER = YES;
				CLANG_WARN_RANGE_LOOP_ANALYSIS = YES;
				CLANG_WARN_STRICT_PROTOTYPES = YES;
				CLANG_WARN_SUSPICIOUS_MOVE = YES;
				CLANG_WARN_UNGUARDED_AVAILABILITY = YES_AGGRESSIVE;
				CLANG_WARN_UNREACHABLE_CODE = YES;
				CLANG_WARN__DUPLICATE_METHOD_MATCH = YES;
				COPY_PHASE_STRIP = NO;
				DEBUG_INFORMATION_FORMAT = dwarf;
				ENABLE_STRICT_OBJC_MSGSEND = YES;
				ENABLE_TESTABILITY = YES;
				ENABLE_USER_SCRIPT_SANDBOXING = YES;
				GCC_C_LANGUAGE_STANDARD = gnu17;
				GCC_DYNAMIC_NO_PIC = NO;
				GCC_NO_COMMON_BLOCKS = YES;
				GCC_OPTIMIZATION_LEVEL = 0;
				GCC_PREPROCESSOR_DEFINITIONS = (
					"DEBUG=1",
					"$(inherited)",
				);
				GCC_WARN_64_TO_32_BIT_CONVERSION = YES;
				GCC_WARN_ABOUT_RETURN_TYPE = YES_ERROR;
				GCC_WARN_UNDECLARED_SELECTOR = YES;
				GCC_WARN_UNINITIALIZED_AUTOS = YES_AGGRESSIVE;
				GCC_WARN_UNUSED_FUNCTION = YES;
				GCC_WARN_UNUSED_VARIABLE = YES;
				IPHONEOS_DEPLOYMENT_TARGET = 17.4;
				LOCALIZATION_PREFERS_STRING_CATALOGS = YES;
				MTL_ENABLE_DEBUG_INFO = INCLUDE_SOURCE;
				MTL_FAST_MATH = YES;
				ONLY_ACTIVE_ARCH = YES;
				SDKROOT = iphoneos;
				SWIFT_ACTIVE_COMPILATION_CONDITIONS = "DEBUG $(inherited)";
				SWIFT_OPTIMIZATION_LEVEL = "-Onone";
			};
			name = Debug;
		};
		C9F694F12BA3251B009A8762 /* Release */ = {
			isa = XCBuildConfiguration;
			buildSettings = {
				ALWAYS_SEARCH_USER_PATHS = NO;
				ASSETCATALOG_COMPILER_GENERATE_SWIFT_ASSET_SYMBOL_EXTENSIONS = YES;
				CLANG_ANALYZER_NONNULL = YES;
				CLANG_ANALYZER_NUMBER_OBJECT_CONVERSION = YES_AGGRESSIVE;
				CLANG_CXX_LANGUAGE_STANDARD = "gnu++20";
				CLANG_ENABLE_MODULES = YES;
				CLANG_ENABLE_OBJC_ARC = YES;
				CLANG_ENABLE_OBJC_WEAK = YES;
				CLANG_WARN_BLOCK_CAPTURE_AUTORELEASING = YES;
				CLANG_WARN_BOOL_CONVERSION = YES;
				CLANG_WARN_COMMA = YES;
				CLANG_WARN_CONSTANT_CONVERSION = YES;
				CLANG_WARN_DEPRECATED_OBJC_IMPLEMENTATIONS = YES;
				CLANG_WARN_DIRECT_OBJC_ISA_USAGE = YES_ERROR;
				CLANG_WARN_DOCUMENTATION_COMMENTS = YES;
				CLANG_WARN_EMPTY_BODY = YES;
				CLANG_WARN_ENUM_CONVERSION = YES;
				CLANG_WARN_INFINITE_RECURSION = YES;
				CLANG_WARN_INT_CONVERSION = YES;
				CLANG_WARN_NON_LITERAL_NULL_CONVERSION = YES;
				CLANG_WARN_OBJC_IMPLICIT_RETAIN_SELF = YES;
				CLANG_WARN_OBJC_LITERAL_CONVERSION = YES;
				CLANG_WARN_OBJC_ROOT_CLASS = YES_ERROR;
				CLANG_WARN_QUOTED_INCLUDE_IN_FRAMEWORK_HEADER = YES;
				CLANG_WARN_RANGE_LOOP_ANALYSIS = YES;
				CLANG_WARN_STRICT_PROTOTYPES = YES;
				CLANG_WARN_SUSPICIOUS_MOVE = YES;
				CLANG_WARN_UNGUARDED_AVAILABILITY = YES_AGGRESSIVE;
				CLANG_WARN_UNREACHABLE_CODE = YES;
				CLANG_WARN__DUPLICATE_METHOD_MATCH = YES;
				COPY_PHASE_STRIP = NO;
				DEBUG_INFORMATION_FORMAT = "dwarf-with-dsym";
				ENABLE_NS_ASSERTIONS = NO;
				ENABLE_STRICT_OBJC_MSGSEND = YES;
				ENABLE_USER_SCRIPT_SANDBOXING = YES;
				GCC_C_LANGUAGE_STANDARD = gnu17;
				GCC_NO_COMMON_BLOCKS = YES;
				GCC_WARN_64_TO_32_BIT_CONVERSION = YES;
				GCC_WARN_ABOUT_RETURN_TYPE = YES_ERROR;
				GCC_WARN_UNDECLARED_SELECTOR = YES;
				GCC_WARN_UNINITIALIZED_AUTOS = YES_AGGRESSIVE;
				GCC_WARN_UNUSED_FUNCTION = YES;
				GCC_WARN_UNUSED_VARIABLE = YES;
				IPHONEOS_DEPLOYMENT_TARGET = 17.4;
				LOCALIZATION_PREFERS_STRING_CATALOGS = YES;
				MTL_ENABLE_DEBUG_INFO = NO;
				MTL_FAST_MATH = YES;
				SDKROOT = iphoneos;
				SWIFT_COMPILATION_MODE = wholemodule;
				VALIDATE_PRODUCT = YES;
			};
			name = Release;
		};
		C9F694F32BA3251B009A8762 /* Debug */ = {
			isa = XCBuildConfiguration;
			buildSettings = {
				ASSETCATALOG_COMPILER_APPICON_NAME = AppIcon;
				ASSETCATALOG_COMPILER_GLOBAL_ACCENT_COLOR_NAME = AccentColor;
				CODE_SIGN_STYLE = Automatic;
				CURRENT_PROJECT_VERSION = 1;
				DEVELOPMENT_ASSET_PATHS = "\"playkuround-iOS/Preview Content\"";
				DEVELOPMENT_TEAM = 9SVDHQS4M3;
				ENABLE_PREVIEWS = YES;
				GENERATE_INFOPLIST_FILE = YES;
				INFOPLIST_FILE = "playkuround-iOS/Info.plist";
				INFOPLIST_KEY_UIApplicationSceneManifest_Generation = YES;
				INFOPLIST_KEY_UIApplicationSupportsIndirectInputEvents = YES;
				INFOPLIST_KEY_UILaunchScreen_Generation = YES;
				INFOPLIST_KEY_UISupportedInterfaceOrientations_iPad = "UIInterfaceOrientationPortrait UIInterfaceOrientationPortraitUpsideDown UIInterfaceOrientationLandscapeLeft UIInterfaceOrientationLandscapeRight";
				INFOPLIST_KEY_UISupportedInterfaceOrientations_iPhone = "UIInterfaceOrientationPortrait UIInterfaceOrientationLandscapeLeft UIInterfaceOrientationLandscapeRight";
				IPHONEOS_DEPLOYMENT_TARGET = 16.0;
				LD_RUNPATH_SEARCH_PATHS = (
					"$(inherited)",
					"@executable_path/Frameworks",
				);
				MARKETING_VERSION = 1.0;
				PRODUCT_BUNDLE_IDENTIFIER = "playkuround.playkuround-iOS";
				PRODUCT_NAME = "$(TARGET_NAME)";
				SWIFT_EMIT_LOC_STRINGS = YES;
				SWIFT_VERSION = 5.0;
				TARGETED_DEVICE_FAMILY = "1,2";
			};
			name = Debug;
		};
		C9F694F42BA3251B009A8762 /* Release */ = {
			isa = XCBuildConfiguration;
			buildSettings = {
				ASSETCATALOG_COMPILER_APPICON_NAME = AppIcon;
				ASSETCATALOG_COMPILER_GLOBAL_ACCENT_COLOR_NAME = AccentColor;
				CODE_SIGN_STYLE = Automatic;
				CURRENT_PROJECT_VERSION = 1;
				DEVELOPMENT_ASSET_PATHS = "\"playkuround-iOS/Preview Content\"";
				DEVELOPMENT_TEAM = 9SVDHQS4M3;
				ENABLE_PREVIEWS = YES;
				GENERATE_INFOPLIST_FILE = YES;
				INFOPLIST_FILE = "playkuround-iOS/Info.plist";
				INFOPLIST_KEY_UIApplicationSceneManifest_Generation = YES;
				INFOPLIST_KEY_UIApplicationSupportsIndirectInputEvents = YES;
				INFOPLIST_KEY_UILaunchScreen_Generation = YES;
				INFOPLIST_KEY_UISupportedInterfaceOrientations_iPad = "UIInterfaceOrientationPortrait UIInterfaceOrientationPortraitUpsideDown UIInterfaceOrientationLandscapeLeft UIInterfaceOrientationLandscapeRight";
				INFOPLIST_KEY_UISupportedInterfaceOrientations_iPhone = "UIInterfaceOrientationPortrait UIInterfaceOrientationLandscapeLeft UIInterfaceOrientationLandscapeRight";
				IPHONEOS_DEPLOYMENT_TARGET = 16.0;
				LD_RUNPATH_SEARCH_PATHS = (
					"$(inherited)",
					"@executable_path/Frameworks",
				);
				MARKETING_VERSION = 1.0;
				PRODUCT_BUNDLE_IDENTIFIER = "playkuround.playkuround-iOS";
				PRODUCT_NAME = "$(TARGET_NAME)";
				SWIFT_EMIT_LOC_STRINGS = YES;
				SWIFT_VERSION = 5.0;
				TARGETED_DEVICE_FAMILY = "1,2";
			};
			name = Release;
		};
/* End XCBuildConfiguration section */

/* Begin XCConfigurationList section */
		C9F694DF2BA3251A009A8762 /* Build configuration list for PBXProject "playkuround-iOS" */ = {
			isa = XCConfigurationList;
			buildConfigurations = (
				C9F694F02BA3251B009A8762 /* Debug */,
				C9F694F12BA3251B009A8762 /* Release */,
			);
			defaultConfigurationIsVisible = 0;
			defaultConfigurationName = Release;
		};
		C9F694F22BA3251B009A8762 /* Build configuration list for PBXNativeTarget "playkuround-iOS" */ = {
			isa = XCConfigurationList;
			buildConfigurations = (
				C9F694F32BA3251B009A8762 /* Debug */,
				C9F694F42BA3251B009A8762 /* Release */,
			);
			defaultConfigurationIsVisible = 0;
			defaultConfigurationName = Release;
		};
/* End XCConfigurationList section */
	};
	rootObject = C9F694DC2BA3251A009A8762 /* Project object */;
}
